PODS:
  - core (1.0)
  - KMPNativeCoroutinesCombine (0.5.0):
    - KMPNativeCoroutinesCore
  - KMPNativeCoroutinesCore (0.5.0)
  - SDWebImage (5.11.1):
    - SDWebImage/Core (= 5.11.1)
  - SDWebImage/Core (5.11.1)
  - SDWebImageSwiftUI (2.0.2):
    - SDWebImage (~> 5.10)

DEPENDENCIES:
  - core (from `../core`)
  - KMPNativeCoroutinesCombine
  - SDWebImageSwiftUI

SPEC REPOS:
  trunk:
    - KMPNativeCoroutinesCombine
    - KMPNativeCoroutinesCore
    - SDWebImage
    - SDWebImageSwiftUI

EXTERNAL SOURCES:
  core:
    :path: "../core"

SPEC CHECKSUMS:
  core: 951e288239e87d33cc9cd8c003043f7e128dbc95
  KMPNativeCoroutinesCombine: c17e07579f12551998830bb02ee78a441839227f
  KMPNativeCoroutinesCore: 916c68ae1d7396b0a07ece46962ecd4bc799319b
  SDWebImage: a7f831e1a65eb5e285e3fb046a23fcfbf08e696d
  SDWebImageSwiftUI: 8a3923c95108312b03a599ec1498754af55a6819

PODFILE CHECKSUM: f3b4e41a444d1abca7a4f29d48b95305c4c893aa

COCOAPODS: 1.10.2
