PODS:
  - KMPNativeCoroutinesAsync (1.0.0-ALPHA-4):
    - KMPNativeCoroutinesCore (= 1.0.0-ALPHA-4)
  - KMPNativeCoroutinesCore (1.0.0-ALPHA-4)
  - SDWebImage (5.15.0):
    - SDWebImage/Core (= 5.15.0)
  - SDWebImage/Core (5.15.0)
  - SDWebImageSwiftUI (2.2.2):
    - SDWebImage (~> 5.10)

DEPENDENCIES:
  - KMPNativeCoroutinesAsync (~> 1.0.0-ALPHA-4)
  - SDWebImageSwiftUI

SPEC REPOS:
  trunk:
    - KMPNativeCoroutinesAsync
    - KMPNativeCoroutinesCore
    - SDWebImage
    - SDWebImageSwiftUI

SPEC CHECKSUMS:
  KMPNativeCoroutinesAsync: 70e9edb1cced4433bc4528876d410e21e8364d72
  KMPNativeCoroutinesCore: 205faa08d2486ecc3ac29f88063c858a85b33de7
  SDWebImage: 9bec4c5cdd9579e1f57104735ee0c37df274d593
  SDWebImageSwiftUI: 54ded4115b4ac6cd60b78f61415f86d070892d98

PODFILE CHECKSUM: 1642620a8e43be5d2c4ed3e60b221690acc27c99

COCOAPODS: 1.12.1
