PODS:
  - KMPNativeCoroutinesAsync (1.0.0-ALPHA-4):
    - KMPNativeCoroutinesCore (= 1.0.0-ALPHA-4)
  - KMPNativeCoroutinesCore (1.0.0-ALPHA-4)
  - SDWebImage (5.15.0):
    - SDWebImage/Core (= 5.15.0)
  - SDWebImage/Core (5.15.0)
  - SDWebImageSwiftUI (2.2.2):
    - SDWebImage (~> 5.10)
  - shared (1.5)

DEPENDENCIES:
  - KMPNativeCoroutinesAsync (~> 1.0.0-ALPHA-4)
  - SDWebImageSwiftUI
  - shared (from `../shared`)

SPEC REPOS:
  trunk:
    - KMPNativeCoroutinesAsync
    - KMPNativeCoroutinesCore
    - SDWebImage
    - SDWebImageSwiftUI

EXTERNAL SOURCES:
  shared:
    :path: "../shared"

SPEC CHECKSUMS:
  KMPNativeCoroutinesAsync: 5fc9ac86b08038e6778b26cc66a71f3446c61e0d
  KMPNativeCoroutinesCore: 86877671a38880e692580fab31273fe38fa6f54a
  SDWebImage: 0905f1b7760fc8ac4198cae0036600d67478751e
  SDWebImageSwiftUI: 8a3923c95108312b03a599ec1498754af55a6819
  shared: 61449e7ac2bb2adac9ea51eeb6e5788d8ee60ce4

PODFILE CHECKSUM: 5a658ce5965cb8e6d98e7da7f44426a19b800fef

COCOAPODS: 1.12.1
