{
  "object": {
    "pins": [
      {
        "package": "ACarousel",
        "repositoryURL": "https://github.com/JWAutumn/ACarousel.git",
        "state": {
          "branch": null,
          "revision": "8a322513580f21288fd87eb3a1341c247b3e2a76",
          "version": "0.2.0"
        }
      }
    ]
  },
  "version": 1
}
