{
  "originHash" : "d069fcb02a81fc47dd12fe5b9daab8eb650b599de1aaf6fd7ef8e7242e34c8bb",
  "pins" : [
    {
      "identity" : "kmp-observableviewmodel",
      "kind" : "remoteSourceControl",
      "location" : "https://github.com/rickclephas/KMP-ObservableViewModel.git",
      "state" : {
        "revision" : "fa25d18b6b15aea71782b6b31cb62c0d8995cd5a",
        "version" : "1.0.0-BETA-11"
      }
    },
    {
      "identity" : "sdwebimage",
      "kind" : "remoteSourceControl",
      "location" : "https://github.com/SDWebImage/SDWebImage.git",
      "state" : {
        "revision" : "1b9a2e902cbde5fdf362faa0f4fd76ea74d74305",
        "version" : "5.18.5"
      }
    },
    {
      "identity" : "sdwebimageswiftui",
      "kind" : "remoteSourceControl",
      "location" : "https://github.com/SDWebImage/SDWebImageSwiftUI.git",
      "state" : {
        "revision" : "5f025e54a03d3d33dff24d7a19331f446f00ed9d",
        "version" : "2.2.4"
      }
    }
  ],
  "version" : 3
}
